github.com/alecthomas/kong v0.2.22 h1:lRcQYT2/yJ+coDNA5ws0mRL0pwSqjbP/6AcRkyKhomk=
github.com/alecthomas/kong v0.2.22/go.mod h1:uzxf/HUh0tj43x1AyJROl3JT7SgsZ5m+icOv1csRhc0=
github.com/alecthomas/repr v0.0.0-20210801044451-80ca428c5142 h1:8Uy0oSf5co/NZXje7U1z8Mpep++QJOldL2hs/sBQf48=
github.com/alecthomas/repr v0.0.0-20210801044451-80ca428c5142/go.mod h1:2kn6fqh/zIyPLmm3ugklbEi5hg5wS435eygvNfaDQL8=
github.com/chonla/roman-number-go v0.0.0-20181101035413-6768129de021 h1:F7ux9YUTBF8wykFrRhNJIuLyAkJhD6hs98M/lJM0ZW4=
github.com/chonla/roman-number-go v0.0.0-20181101035413-6768129de021/go.mod h1:mgLs523CF5p4A7oIy2Es5ZxuKnG3xhT3Ff0L7J/2J1c=
github.com/davecgh/go-spew v1.1.0/go.mod h1:J7Y8YcW2NihsgmVo/mv3lAwl/skON4iLHjSsI+c5H38=
github.com/davecgh/go-spew v1.1.1 h1:vj9j/u1bqnvCEfJOwUhtlOARqs3+rkHYY13jYWTU97c=
github.com/davecgh/go-spew v1.1.1/go.mod h1:J7Y8YcW2NihsgmVo/mv3lAwl/skON4iLHjSsI+c5H38=
github.com/emicklei/proto v1.9.0/go.mod h1:rn1FgRS/FANiZdD2djyH7TMA9jdRDcYQ9IEN9yvjX0A=
github.com/fastly/go-utils v0.0.0-20180712184237-d95a45783239 h1:Ghm4eQYC0nEPnSJdVkTrXpu9KtoVCSo1hg7mtI7G9KU=
github.com/fastly/go-utils v0.0.0-20180712184237-d95a45783239/go.mod h1:Gdwt2ce0yfBxPvZrHkprdPPTTS3N5rwmLE8T22KBXlw=
github.com/hashicorp/errwrap v1.0.0 h1:hLrqtEDnRye3+sgx6z4qVLNuviH3MR5aQ0ykNJa/UYA=
github.com/hashicorp/errwrap v1.0.0/go.mod h1:YH+1FKiLXxHSkmPseP+kNlulaMuP3n2brvKWEqk/Jc4=
github.com/hashicorp/go-multierror v1.0.0 h1:iVjPR7a6H0tWELX5NxNe7bYopibicUzc7uPribsnS6o=
github.com/hashicorp/go-multierror v1.0.0/go.mod h1:dHtQlpGsu+cZNNAkkCN/P3hoUDHhCYQXV3UM06sGGrk=
github.com/jehiah/go-strftime v0.0.0-20171201141054-1d33003b3869 h1:IPJ3dvxmJ4uczJe5YQdrYB16oTJlGSC/OyZDqUk9xX4=
github.com/jehiah/go-strftime v0.0.0-20171201141054-1d33003b3869/go.mod h1:cJ6Cj7dQo+O6GJNiMx+Pa94qKj+TG8ONdKHgMNIyyag=
github.com/lestrrat/go-envload v0.0.0-20180220120943-6ed08b54a570 h1:0iQektZGS248WXmGIYOwRXSQhD4qn3icjMpuxwO7qlo=
github.com/lestrrat/go-envload v0.0.0-20180220120943-6ed08b54a570/go.mod h1:BLt8L9ld7wVsvEWQbuLrUZnCMnUmLZ+CGDzKtclrTlE=
github.com/lestrrat/go-strftime v0.0.0-20180220042222-ba3bf9c1d042 h1:Bvq8AziQ5jFF4BHGAEDSqwPW1NJS3XshxbRCxtjFAZc=
github.com/lestrrat/go-strftime v0.0.0-20180220042222-ba3bf9c1d042/go.mod h1:TPpsiPUEh0zFL1Snz4crhMlBe60PYxRHr5oFF3rRYg0=
github.com/pkg/errors v0.8.1/go.mod h1:bwawxfHBFNV+L2hUp1rHADufV3IMtnDRdf1r5NINEl0=
github.com/pkg/errors v0.9.1 h1:FEBLx1zS214owpjy7qsBeixbURkuhQAwrK5UwLGTwt4=
github.com/pkg/errors v0.9.1/go.mod h1:bwawxfHBFNV+L2hUp1rHADufV3IMtnDRdf1r5NINEl0=
github.com/pmezard/go-difflib v1.0.0 h1:4DBwDE0NGyQoBHbLQYPwSUPoCMWR5BEzIk/f1lZbAQM=
github.com/pmezard/go-difflib v1.0.0/go.mod h1:iKH77koFhYxTK1pcRnkKkqfTogsbg7gZNVY4sRDYZ/4=
github.com/posener/complete v1.2.3 h1:NP0eAhjcjImqslEwo/1hq7gpajME0fTLTezBKDqfXqo=
github.com/posener/complete v1.2.3/go.mod h1:WZIdtGGp+qx0sLrYKtIRAruyNpv6hFCicSgv7Sy7s/s=
github.com/riywo/loginshell v0.0.0-20200815045211-7d26008be1ab h1:ZjX6I48eZSFetPb41dHudEyVr5v953N15TsNZXlkcWY=
github.com/riywo/loginshell v0.0.0-20200815045211-7d26008be1ab/go.mod h1:/PfPXh0EntGc3QAAyUaviy4S9tzy4Zp0e2ilq4voC6E=
github.com/sirkon/errors v0.2.1 h1:cbf0gEEpnSsnw3BoZzKubrBYhLohmyB1LgWB+sGedT0=
github.com/sirkon/errors v0.2.1/go.mod h1:QHzAIbAhNXYSz3uK9tvp99vPxroQWjNz4PbRg8Ef3Wc=
github.com/sirkon/go-format v0.1.2 h1:rv/Gp5qXmNrSaqm6ygxXEdDOuMpGYbcW+QScHpGgWxk=
github.com/sirkon/go-format v0.1.2/go.mod h1:qaECyMww07bEcWjztGZ2vj1LT7mmp0KJRMZRYci9JUw=
github.com/sirkon/go-format/v2 v2.0.1 h1:sVWYolXTIv7tAVjzH6OOeFolzPPyTSfw0ipbSdk0how=
github.com/sirkon/go-format/v2 v2.0.1/go.mod h1:YvuK2qmh0vTuALNIEr+VvBirUija3PUayjzref5LEh0=
github.com/sirkon/jsonexec v0.0.1 h1:ug1Cz1/GuuUrsr6LYN1ljIUUDqRiO0Gv2yRUo6jao8w=
github.com/sirkon/jsonexec v0.0.1/go.mod h1:YO5hFk8oewQX9VpGPKdObnhAA7tjHGt8vUGoaiEa1G8=
github.com/sirkon/message v1.5.1 h1:WkWYJGan4rkpAkZmHC0+Sy2da4orydz1lM6zL+CXAVQ=
github.com/sirkon/message v1.5.1/go.mod h1:66L/RZsLkQeAw8iJjJAhHg/Wr7g2I6Ewlp3laCsb0RA=
github.com/sirkon/protoast v0.29.0 h1:yrJkCjICJBcWxWDveS72GPW0AYigvuscBDksHFfG26g=
github.com/sirkon/protoast v0.29.0/go.mod h1:NEFiXLFXGCHH/1th0gr9mcTMTzoJdEqkwkfLdrX7Daw=
github.com/spaolacci/murmur3 v1.1.0 h1:7c1g84S4BPRrfL5Xrdp6fOJ206sU9y293DDHaoy0bLI=
github.com/spaolacci/murmur3 v1.1.0/go.mod h1:JwIasOWyU6f++ZhiEuf87xNszmSA2myDM2Kzu9HwQUA=
github.com/stretchr/objx v0.1.0/go.mod h1:HFkY916IF+rwdDfMAkV7OtwuqBVzrE8GR6GFx+wExME=
github.com/stretchr/testify v1.3.0/go.mod h1:M5WIy9Dh21IEIfnGCwXGc5bZfKNJtfHm1UVUgZn+9EI=
github.com/stretchr/testify v1.4.0/go.mod h1:j7eGeouHqKxXV5pUuKE4zz7dFj8WfuZ+81PSLYec5m4=
github.com/stretchr/testify v1.7.0 h1:nwc3DEeHmmLAfoZucVR881uASk0Mfjw8xYJ99tb5CcY=
github.com/stretchr/testify v1.7.0/go.mod h1:6Fq8oRcR53rry900zMqJjRRixrwX3KX962/h/Wwjteg=
github.com/tebeka/strftime v0.0.0-20140926081919-3f9c7761e312 h1:frNEkk4P8mq+47LAMvj9LvhDq01kFDUhpJZzzei8IuM=
github.com/tebeka/strftime v0.0.0-20140926081919-3f9c7761e312/go.mod h1:o6CrSUtupq/A5hylbvAsdydn0d5yokJExs8VVdx4wwI=
github.com/willabides/kongplete v0.3.0 h1:8dJZ0r2a2YnSdYCQk9TjQDKzLrj1zUvIOPIG3bOV75c=
github.com/willabides/kongplete v0.3.0/go.mod h1:VPdrG6LY+tP0LMkSBuTgIQ8c6+P8wvIDHVJzDdDh9Fw=
golang.org/x/mod v0.5.1 h1:OJxoQ/rynoF0dcCdI7cLPktw/hR2cueqYfjm43oqK38=
golang.org/x/mod v0.5.1/go.mod h1:5OXOZSfqPIIbmVBIIKWRFfZjPR0E5r58TLhUjH0a2Ro=
golang.org/x/net v0.0.0-20190119204137-ed066c81e75e/go.mod h1:mL1N/T3taQHkDXs73rZJwtUhF3w3ftmwwsq0BUmARs4=
golang.org/x/net v0.0.0-20211015210444-4f30a5c0130f h1:OfiFi4JbukWwe3lzw+xunroH1mnC1e2Gy5cxNJApiSY=
golang.org/x/sys v0.0.0-20211019181941-9d821ace8654 h1:id054HUawV2/6IGm2IV8KZQjqtwAOo2CYlOToYqa0d0=
golang.org/x/sys v0.0.0-20211019181941-9d821ace8654/go.mod h1:oPkhp1MJrh7nUepCBck5+mAzfO9JrbApNNgaTdGDITg=
golang.org/x/tools v0.1.9 h1:j9KsMiaP1c3B0OTQGth0/k+miLGTgLsAFUCrF2vLcF8=
golang.org/x/tools v0.1.9/go.mod h1:nABZi5QlRsZVlzPpHl034qft6wpY4eDcsTt5AaioBiU=
golang.org/x/xerrors v0.0.0-20200804184101-5ec99f83aff1 h1:go1bK/D/BFZV2I8cIQd1NKEZ+0owSTG1fDTci4IqFcE=
golang.org/x/xerrors v0.0.0-20200804184101-5ec99f83aff1/go.mod h1:I/5z698sn9Ka8TeJc9MKroUUfqBBauWjQqLJ2OPfmY0=
gopkg.in/check.v1 v0.0.0-20161208181325-20d25e280405/go.mod h1:Co6ibVJAznAaIkqp8huTwlJQCZ016jof/cbN4VW5Yz0=
gopkg.in/yaml.v2 v2.2.2/go.mod h1:hI93XBmqTisBFMUTm0b8Fm+jr3Dg1NNxqwp+5A1VGuI=
gopkg.in/yaml.v3 v3.0.0-20200313102051-9f266ea9e77c/go.mod h1:K4uyk7z7BCEPqu6E+C64Yfv1cQ7kz7rIZviUmN+EgEM=
gopkg.in/yaml.v3 v3.0.0-20210107192922-496545a6307b h1:h8qDotaEPuJATrMmW04NCwg7v22aHH28wwpauUhK9Oo=
gopkg.in/yaml.v3 v3.0.0-20210107192922-496545a6307b/go.mod h1:K4uyk7z7BCEPqu6E+C64Yfv1cQ7kz7rIZviUmN+EgEM=
